// !$*UTF8*$!
{
	archiveVersion = 1;
	classes = {
	};
	objectVersion = 51;
	objects = {

/* Begin PBXBuildFile section */
		69A1B14C12C70D52FE3964E2 /* Pods_FlixTests.framework in Frameworks */ = {isa = PBXBuildFile; fileRef = 332CD1E2A6449689877A57D1 /* Pods_FlixTests.framework */; };
		768AC229018F63D3AA448982 /* Pods_Flix.framework in Frameworks */ = {isa = PBXBuildFile; fileRef = F03634CE227354C507F9188D /* Pods_Flix.framework */; };
		A0D13909DB87EF2955AAF7AD /* Pods_Flix_FlixUITests.framework in Frameworks */ = {isa = PBXBuildFile; fileRef = DD131712B2531382A5BA30A2 /* Pods_Flix_FlixUITests.framework */; };
		CA426C6025C8A9B500C26196 /* MoviesViewController.swift in Sources */ = {isa = PBXBuildFile; fileRef = CA426C5F25C8A9B500C26196 /* MoviesViewController.swift */; };
		CA426C6525C8B3BB00C26196 /* MovieCell.swift in Sources */ = {isa = PBXBuildFile; fileRef = CA426C6425C8B3BB00C26196 /* MovieCell.swift */; };
		CA6CC00B25C22826007ADFAF /* AppDelegate.swift in Sources */ = {isa = PBXBuildFile; fileRef = CA6CC00A25C22826007ADFAF /* AppDelegate.swift */; };
		CA6CC00D25C22826007ADFAF /* SceneDelegate.swift in Sources */ = {isa = PBXBuildFile; fileRef = CA6CC00C25C22826007ADFAF /* SceneDelegate.swift */; };
		CA6CC00F25C22826007ADFAF /* ViewController.swift in Sources */ = {isa = PBXBuildFile; fileRef = CA6CC00E25C22826007ADFAF /* ViewController.swift */; };
		CA6CC01225C22826007ADFAF /* Main.storyboard in Resources */ = {isa = PBXBuildFile; fileRef = CA6CC01025C22826007ADFAF /* Main.storyboard */; };
		CA6CC01425C22826007ADFAF /* Assets.xcassets in Resources */ = {isa = PBXBuildFile; fileRef = CA6CC01325C22826007ADFAF /* Assets.xcassets */; };
		CA6CC01725C22826007ADFAF /* LaunchScreen.storyboard in Resources */ = {isa = PBXBuildFile; fileRef = CA6CC01525C22826007ADFAF /* LaunchScreen.storyboard */; };
		CA6CC02225C22827007ADFAF /* FlixTests.swift in Sources */ = {isa = PBXBuildFile; fileRef = CA6CC02125C22827007ADFAF /* FlixTests.swift */; };
		CA6CC02D25C22827007ADFAF /* FlixUITests.swift in Sources */ = {isa = PBXBuildFile; fileRef = CA6CC02C25C22827007ADFAF /* FlixUITests.swift */; };
		CAD2252A25D09EFB003D3374 /* MovieDetailsViewController.swift in Sources */ = {isa = PBXBuildFile; fileRef = CAD2252925D09EFB003D3374 /* MovieDetailsViewController.swift */; };
		CAD2252F25D0C18D003D3374 /* MovieGridViewController.swift in Sources */ = {isa = PBXBuildFile; fileRef = CAD2252E25D0C18D003D3374 /* MovieGridViewController.swift */; };
		CAD2253425D0C816003D3374 /* MovieGridCell.swift in Sources */ = {isa = PBXBuildFile; fileRef = CAD2253325D0C816003D3374 /* MovieGridCell.swift */; };
/* End PBXBuildFile section */

/* Begin PBXContainerItemProxy section */
		CA6CC01E25C22827007ADFAF /* PBXContainerItemProxy */ = {
			isa = PBXContainerItemProxy;
			containerPortal = CA6CBFFF25C22826007ADFAF /* Project object */;
			proxyType = 1;
			remoteGlobalIDString = CA6CC00625C22826007ADFAF;
			remoteInfo = Flix;
		};
		CA6CC02925C22827007ADFAF /* PBXContainerItemProxy */ = {
			isa = PBXContainerItemProxy;
			containerPortal = CA6CBFFF25C22826007ADFAF /* Project object */;
			proxyType = 1;
			remoteGlobalIDString = CA6CC00625C22826007ADFAF;
			remoteInfo = Flix;
		};
/* End PBXContainerItemProxy section */

/* Begin PBXFileReference section */
		1F5386BA9CE072CB39483254 /* Pods-Flix-FlixUITests.debug.xcconfig */ = {isa = PBXFileReference; includeInIndex = 1; lastKnownFileType = text.xcconfig; name = "Pods-Flix-FlixUITests.debug.xcconfig"; path = "Target Support Files/Pods-Flix-FlixUITests/Pods-Flix-FlixUITests.debug.xcconfig"; sourceTree = "<group>"; };
		332CD1E2A6449689877A57D1 /* Pods_FlixTests.framework */ = {isa = PBXFileReference; explicitFileType = wrapper.framework; includeInIndex = 0; path = Pods_FlixTests.framework; sourceTree = BUILT_PRODUCTS_DIR; };
		57420E09848E26D71AC7C024 /* Pods-FlixTests.debug.xcconfig */ = {isa = PBXFileReference; includeInIndex = 1; lastKnownFileType = text.xcconfig; name = "Pods-FlixTests.debug.xcconfig"; path = "Target Support Files/Pods-FlixTests/Pods-FlixTests.debug.xcconfig"; sourceTree = "<group>"; };
		A31ACDA2A79A83E36E12FB9C /* Pods-Flix.debug.xcconfig */ = {isa = PBXFileReference; includeInIndex = 1; lastKnownFileType = text.xcconfig; name = "Pods-Flix.debug.xcconfig"; path = "Target Support Files/Pods-Flix/Pods-Flix.debug.xcconfig"; sourceTree = "<group>"; };
		B49E620C5D86A55C67BE90CC /* Pods-Flix.release.xcconfig */ = {isa = PBXFileReference; includeInIndex = 1; lastKnownFileType = text.xcconfig; name = "Pods-Flix.release.xcconfig"; path = "Target Support Files/Pods-Flix/Pods-Flix.release.xcconfig"; sourceTree = "<group>"; };
		CA426C5F25C8A9B500C26196 /* MoviesViewController.swift */ = {isa = PBXFileReference; lastKnownFileType = sourcecode.swift; path = MoviesViewController.swift; sourceTree = "<group>"; };
		CA426C6425C8B3BB00C26196 /* MovieCell.swift */ = {isa = PBXFileReference; lastKnownFileType = sourcecode.swift; path = MovieCell.swift; sourceTree = "<group>"; };
		CA6CC00725C22826007ADFAF /* Flix.app */ = {isa = PBXFileReference; explicitFileType = wrapper.application; includeInIndex = 0; path = Flix.app; sourceTree = BUILT_PRODUCTS_DIR; };
		CA6CC00A25C22826007ADFAF /* AppDelegate.swift */ = {isa = PBXFileReference; lastKnownFileType = sourcecode.swift; path = AppDelegate.swift; sourceTree = "<group>"; };
		CA6CC00C25C22826007ADFAF /* SceneDelegate.swift */ = {isa = PBXFileReference; lastKnownFileType = sourcecode.swift; path = SceneDelegate.swift; sourceTree = "<group>"; };
		CA6CC00E25C22826007ADFAF /* ViewController.swift */ = {isa = PBXFileReference; lastKnownFileType = sourcecode.swift; path = ViewController.swift; sourceTree = "<group>"; };
		CA6CC01125C22826007ADFAF /* Base */ = {isa = PBXFileReference; lastKnownFileType = file.storyboard; name = Base; path = Base.lproj/Main.storyboard; sourceTree = "<group>"; };
		CA6CC01325C22826007ADFAF /* Assets.xcassets */ = {isa = PBXFileReference; lastKnownFileType = folder.assetcatalog; path = Assets.xcassets; sourceTree = "<group>"; };
		CA6CC01625C22826007ADFAF /* Base */ = {isa = PBXFileReference; lastKnownFileType = file.storyboard; name = Base; path = Base.lproj/LaunchScreen.storyboard; sourceTree = "<group>"; };
		CA6CC01825C22826007ADFAF /* Info.plist */ = {isa = PBXFileReference; lastKnownFileType = text.plist.xml; path = Info.plist; sourceTree = "<group>"; };
		CA6CC01D25C22827007ADFAF /* FlixTests.xctest */ = {isa = PBXFileReference; explicitFileType = wrapper.cfbundle; includeInIndex = 0; path = FlixTests.xctest; sourceTree = BUILT_PRODUCTS_DIR; };
		CA6CC02125C22827007ADFAF /* FlixTests.swift */ = {isa = PBXFileReference; lastKnownFileType = sourcecode.swift; path = FlixTests.swift; sourceTree = "<group>"; };
		CA6CC02325C22827007ADFAF /* Info.plist */ = {isa = PBXFileReference; lastKnownFileType = text.plist.xml; path = Info.plist; sourceTree = "<group>"; };
		CA6CC02825C22827007ADFAF /* FlixUITests.xctest */ = {isa = PBXFileReference; explicitFileType = wrapper.cfbundle; includeInIndex = 0; path = FlixUITests.xctest; sourceTree = BUILT_PRODUCTS_DIR; };
		CA6CC02C25C22827007ADFAF /* FlixUITests.swift */ = {isa = PBXFileReference; lastKnownFileType = sourcecode.swift; path = FlixUITests.swift; sourceTree = "<group>"; };
		CA6CC02E25C22827007ADFAF /* Info.plist */ = {isa = PBXFileReference; lastKnownFileType = text.plist.xml; path = Info.plist; sourceTree = "<group>"; };
		CAD2252925D09EFB003D3374 /* MovieDetailsViewController.swift */ = {isa = PBXFileReference; lastKnownFileType = sourcecode.swift; path = MovieDetailsViewController.swift; sourceTree = "<group>"; };
		CAD2252E25D0C18D003D3374 /* MovieGridViewController.swift */ = {isa = PBXFileReference; lastKnownFileType = sourcecode.swift; path = MovieGridViewController.swift; sourceTree = "<group>"; };
		CAD2253325D0C816003D3374 /* MovieGridCell.swift */ = {isa = PBXFileReference; lastKnownFileType = sourcecode.swift; path = MovieGridCell.swift; sourceTree = "<group>"; };
		DA163416013DBBAEB1D87075 /* Pods-Flix-FlixUITests.release.xcconfig */ = {isa = PBXFileReference; includeInIndex = 1; lastKnownFileType = text.xcconfig; name = "Pods-Flix-FlixUITests.release.xcconfig"; path = "Target Support Files/Pods-Flix-FlixUITests/Pods-Flix-FlixUITests.release.xcconfig"; sourceTree = "<group>"; };
		DD131712B2531382A5BA30A2 /* Pods_Flix_FlixUITests.framework */ = {isa = PBXFileReference; explicitFileType = wrapper.framework; includeInIndex = 0; path = Pods_Flix_FlixUITests.framework; sourceTree = BUILT_PRODUCTS_DIR; };
		E429F07C75E8D5DE37D22623 /* Pods-FlixTests.release.xcconfig */ = {isa = PBXFileReference; includeInIndex = 1; lastKnownFileType = text.xcconfig; name = "Pods-FlixTests.release.xcconfig"; path = "Target Support Files/Pods-FlixTests/Pods-FlixTests.release.xcconfig"; sourceTree = "<group>"; };
		F03634CE227354C507F9188D /* Pods_Flix.framework */ = {isa = PBXFileReference; explicitFileType = wrapper.framework; includeInIndex = 0; path = Pods_Flix.framework; sourceTree = BUILT_PRODUCTS_DIR; };
/* End PBXFileReference section */

/* Begin PBXFrameworksBuildPhase section */
		CA6CC00425C22826007ADFAF /* Frameworks */ = {
			isa = PBXFrameworksBuildPhase;
			buildActionMask = 2147483647;
			files = (
				768AC229018F63D3AA448982 /* Pods_Flix.framework in Frameworks */,
			);
			runOnlyForDeploymentPostprocessing = 0;
		};
		CA6CC01A25C22827007ADFAF /* Frameworks */ = {
			isa = PBXFrameworksBuildPhase;
			buildActionMask = 2147483647;
			files = (
				69A1B14C12C70D52FE3964E2 /* Pods_FlixTests.framework in Frameworks */,
			);
			runOnlyForDeploymentPostprocessing = 0;
		};
		CA6CC02525C22827007ADFAF /* Frameworks */ = {
			isa = PBXFrameworksBuildPhase;
			buildActionMask = 2147483647;
			files = (
				A0D13909DB87EF2955AAF7AD /* Pods_Flix_FlixUITests.framework in Frameworks */,
			);
			runOnlyForDeploymentPostprocessing = 0;
		};
/* End PBXFrameworksBuildPhase section */

/* Begin PBXGroup section */
		4CEB8FF5CD62B4507A15B1B9 /* Frameworks */ = {
			isa = PBXGroup;
			children = (
				F03634CE227354C507F9188D /* Pods_Flix.framework */,
				DD131712B2531382A5BA30A2 /* Pods_Flix_FlixUITests.framework */,
				332CD1E2A6449689877A57D1 /* Pods_FlixTests.framework */,
			);
			name = Frameworks;
			sourceTree = "<group>";
		};
		AE721E383F2CD4AFAE769F04 /* Pods */ = {
			isa = PBXGroup;
			children = (
				A31ACDA2A79A83E36E12FB9C /* Pods-Flix.debug.xcconfig */,
				B49E620C5D86A55C67BE90CC /* Pods-Flix.release.xcconfig */,
				1F5386BA9CE072CB39483254 /* Pods-Flix-FlixUITests.debug.xcconfig */,
				DA163416013DBBAEB1D87075 /* Pods-Flix-FlixUITests.release.xcconfig */,
				57420E09848E26D71AC7C024 /* Pods-FlixTests.debug.xcconfig */,
				E429F07C75E8D5DE37D22623 /* Pods-FlixTests.release.xcconfig */,
			);
			path = Pods;
			sourceTree = "<group>";
		};
		CA6CBFFE25C22826007ADFAF = {
			isa = PBXGroup;
			children = (
				CA6CC00925C22826007ADFAF /* Flix */,
				CA6CC02025C22827007ADFAF /* FlixTests */,
				CA6CC02B25C22827007ADFAF /* FlixUITests */,
				CA6CC00825C22826007ADFAF /* Products */,
				AE721E383F2CD4AFAE769F04 /* Pods */,
				4CEB8FF5CD62B4507A15B1B9 /* Frameworks */,
			);
			sourceTree = "<group>";
		};
		CA6CC00825C22826007ADFAF /* Products */ = {
			isa = PBXGroup;
			children = (
				CA6CC00725C22826007ADFAF /* Flix.app */,
				CA6CC01D25C22827007ADFAF /* FlixTests.xctest */,
				CA6CC02825C22827007ADFAF /* FlixUITests.xctest */,
			);
			name = Products;
			sourceTree = "<group>";
		};
		CA6CC00925C22826007ADFAF /* Flix */ = {
			isa = PBXGroup;
			children = (
				CA6CC00A25C22826007ADFAF /* AppDelegate.swift */,
				CA6CC00C25C22826007ADFAF /* SceneDelegate.swift */,
				CA6CC00E25C22826007ADFAF /* ViewController.swift */,
				CA6CC01025C22826007ADFAF /* Main.storyboard */,
				CA6CC01325C22826007ADFAF /* Assets.xcassets */,
				CA6CC01525C22826007ADFAF /* LaunchScreen.storyboard */,
				CA6CC01825C22826007ADFAF /* Info.plist */,
				CA426C5F25C8A9B500C26196 /* MoviesViewController.swift */,
				CA426C6425C8B3BB00C26196 /* MovieCell.swift */,
				CAD2252925D09EFB003D3374 /* MovieDetailsViewController.swift */,
				CAD2252E25D0C18D003D3374 /* MovieGridViewController.swift */,
				CAD2253325D0C816003D3374 /* MovieGridCell.swift */,
			);
			path = Flix;
			sourceTree = "<group>";
		};
		CA6CC02025C22827007ADFAF /* FlixTests */ = {
			isa = PBXGroup;
			children = (
				CA6CC02125C22827007ADFAF /* FlixTests.swift */,
				CA6CC02325C22827007ADFAF /* Info.plist */,
			);
			path = FlixTests;
			sourceTree = "<group>";
		};
		CA6CC02B25C22827007ADFAF /* FlixUITests */ = {
			isa = PBXGroup;
			children = (
				CA6CC02C25C22827007ADFAF /* FlixUITests.swift */,
				CA6CC02E25C22827007ADFAF /* Info.plist */,
			);
			path = FlixUITests;
			sourceTree = "<group>";
		};
/* End PBXGroup section */

/* Begin PBXNativeTarget section */
		CA6CC00625C22826007ADFAF /* Flix */ = {
			isa = PBXNativeTarget;
			buildConfigurationList = CA6CC03125C22827007ADFAF /* Build configuration list for PBXNativeTarget "Flix" */;
			buildPhases = (
				75217BE429AC5276FB3ECD6C /* [CP] Check Pods Manifest.lock */,
				CA6CC00325C22826007ADFAF /* Sources */,
				CA6CC00425C22826007ADFAF /* Frameworks */,
				CA6CC00525C22826007ADFAF /* Resources */,
				17A50152684BE4EC427567DB /* [CP] Embed Pods Frameworks */,
			);
			buildRules = (
			);
			dependencies = (
			);
			name = Flix;
			productName = Flix;
			productReference = CA6CC00725C22826007ADFAF /* Flix.app */;
			productType = "com.apple.product-type.application";
		};
		CA6CC01C25C22827007ADFAF /* FlixTests */ = {
			isa = PBXNativeTarget;
			buildConfigurationList = CA6CC03425C22827007ADFAF /* Build configuration list for PBXNativeTarget "FlixTests" */;
			buildPhases = (
				A4096E436E4328E8FFFAF166 /* [CP] Check Pods Manifest.lock */,
				CA6CC01925C22827007ADFAF /* Sources */,
				CA6CC01A25C22827007ADFAF /* Frameworks */,
				CA6CC01B25C22827007ADFAF /* Resources */,
			);
			buildRules = (
			);
			dependencies = (
				CA6CC01F25C22827007ADFAF /* PBXTargetDependency */,
			);
			name = FlixTests;
			productName = FlixTests;
			productReference = CA6CC01D25C22827007ADFAF /* FlixTests.xctest */;
			productType = "com.apple.product-type.bundle.unit-test";
		};
		CA6CC02725C22827007ADFAF /* FlixUITests */ = {
			isa = PBXNativeTarget;
			buildConfigurationList = CA6CC03725C22827007ADFAF /* Build configuration list for PBXNativeTarget "FlixUITests" */;
			buildPhases = (
				DD41ADAD76FD3EF54E654A13 /* [CP] Check Pods Manifest.lock */,
				CA6CC02425C22827007ADFAF /* Sources */,
				CA6CC02525C22827007ADFAF /* Frameworks */,
				CA6CC02625C22827007ADFAF /* Resources */,
				C9C333D66CB13D464FFC0187 /* [CP] Embed Pods Frameworks */,
			);
			buildRules = (
			);
			dependencies = (
				CA6CC02A25C22827007ADFAF /* PBXTargetDependency */,
			);
			name = FlixUITests;
			productName = FlixUITests;
			productReference = CA6CC02825C22827007ADFAF /* FlixUITests.xctest */;
			productType = "com.apple.product-type.bundle.ui-testing";
		};
/* End PBXNativeTarget section */

/* Begin PBXProject section */
		CA6CBFFF25C22826007ADFAF /* Project object */ = {
			isa = PBXProject;
			attributes = {
				LastSwiftUpdateCheck = 1230;
				LastUpgradeCheck = 1230;
				TargetAttributes = {
					CA6CC00625C22826007ADFAF = {
						CreatedOnToolsVersion = 12.3;
					};
					CA6CC01C25C22827007ADFAF = {
						CreatedOnToolsVersion = 12.3;
						TestTargetID = CA6CC00625C22826007ADFAF;
					};
					CA6CC02725C22827007ADFAF = {
						CreatedOnToolsVersion = 12.3;
						TestTargetID = CA6CC00625C22826007ADFAF;
					};
				};
			};
			buildConfigurationList = CA6CC00225C22826007ADFAF /* Build configuration list for PBXProject "Flix" */;
			compatibilityVersion = "Xcode 9.3";
			developmentRegion = en;
			hasScannedForEncodings = 0;
			knownRegions = (
				en,
				Base,
			);
			mainGroup = CA6CBFFE25C22826007ADFAF;
			productRefGroup = CA6CC00825C22826007ADFAF /* Products */;
			projectDirPath = "";
			projectRoot = "";
			targets = (
				CA6CC00625C22826007ADFAF /* Flix */,
				CA6CC01C25C22827007ADFAF /* FlixTests */,
				CA6CC02725C22827007ADFAF /* FlixUITests */,
			);
		};
/* End PBXProject section */

/* Begin PBXResourcesBuildPhase section */
		CA6CC00525C22826007ADFAF /* Resources */ = {
			isa = PBXResourcesBuildPhase;
			buildActionMask = 2147483647;
			files = (
				CA6CC01725C22826007ADFAF /* LaunchScreen.storyboard in Resources */,
				CA6CC01425C22826007ADFAF /* Assets.xcassets in Resources */,
				CA6CC01225C22826007ADFAF /* Main.storyboard in Resources */,
			);
			runOnlyForDeploymentPostprocessing = 0;
		};
		CA6CC01B25C22827007ADFAF /* Resources */ = {
			isa = PBXResourcesBuildPhase;
			buildActionMask = 2147483647;
			files = (
			);
			runOnlyForDeploymentPostprocessing = 0;
		};
		CA6CC02625C22827007ADFAF /* Resources */ = {
			isa = PBXResourcesBuildPhase;
			buildActionMask = 2147483647;
			files = (
			);
			runOnlyForDeploymentPostprocessing = 0;
		};
/* End PBXResourcesBuildPhase section */

/* Begin PBXShellScriptBuildPhase section */
		17A50152684BE4EC427567DB /* [CP] Embed Pods Frameworks */ = {
			isa = PBXShellScriptBuildPhase;
			buildActionMask = 2147483647;
			files = (
			);
			inputFileListPaths = (
				"${PODS_ROOT}/Target Support Files/Pods-Flix/Pods-Flix-frameworks-${CONFIGURATION}-input-files.xcfilelist",
			);
			name = "[CP] Embed Pods Frameworks";
			outputFileListPaths = (
				"${PODS_ROOT}/Target Support Files/Pods-Flix/Pods-Flix-frameworks-${CONFIGURATION}-output-files.xcfilelist",
			);
			runOnlyForDeploymentPostprocessing = 0;
			shellPath = /bin/sh;
			shellScript = "\"${PODS_ROOT}/Target Support Files/Pods-Flix/Pods-Flix-frameworks.sh\"\n";
			showEnvVarsInLog = 0;
		};
		75217BE429AC5276FB3ECD6C /* [CP] Check Pods Manifest.lock */ = {
			isa = PBXShellScriptBuildPhase;
			buildActionMask = 2147483647;
			files = (
			);
			inputFileListPaths = (
			);
			inputPaths = (
				"${PODS_PODFILE_DIR_PATH}/Podfile.lock",
				"${PODS_ROOT}/Manifest.lock",
			);
			name = "[CP] Check Pods Manifest.lock";
			outputFileListPaths = (
			);
			outputPaths = (
				"$(DERIVED_FILE_DIR)/Pods-Flix-checkManifestLockResult.txt",
			);
			runOnlyForDeploymentPostprocessing = 0;
			shellPath = /bin/sh;
			shellScript = "diff \"${PODS_PODFILE_DIR_PATH}/Podfile.lock\" \"${PODS_ROOT}/Manifest.lock\" > /dev/null\nif [ $? != 0 ] ; then\n    # print error to STDERR\n    echo \"error: The sandbox is not in sync with the Podfile.lock. Run 'pod install' or update your CocoaPods installation.\" >&2\n    exit 1\nfi\n# This output is used by Xcode 'outputs' to avoid re-running this script phase.\necho \"SUCCESS\" > \"${SCRIPT_OUTPUT_FILE_0}\"\n";
			showEnvVarsInLog = 0;
		};
		A4096E436E4328E8FFFAF166 /* [CP] Check Pods Manifest.lock */ = {
			isa = PBXShellScriptBuildPhase;
			buildActionMask = 2147483647;
			files = (
			);
			inputFileListPaths = (
			);
			inputPaths = (
				"${PODS_PODFILE_DIR_PATH}/Podfile.lock",
				"${PODS_ROOT}/Manifest.lock",
			);
			name = "[CP] Check Pods Manifest.lock";
			outputFileListPaths = (
			);
			outputPaths = (
				"$(DERIVED_FILE_DIR)/Pods-FlixTests-checkManifestLockResult.txt",
			);
			runOnlyForDeploymentPostprocessing = 0;
			shellPath = /bin/sh;
			shellScript = "diff \"${PODS_PODFILE_DIR_PATH}/Podfile.lock\" \"${PODS_ROOT}/Manifest.lock\" > /dev/null\nif [ $? != 0 ] ; then\n    # print error to STDERR\n    echo \"error: The sandbox is not in sync with the Podfile.lock. Run 'pod install' or update your CocoaPods installation.\" >&2\n    exit 1\nfi\n# This output is used by Xcode 'outputs' to avoid re-running this script phase.\necho \"SUCCESS\" > \"${SCRIPT_OUTPUT_FILE_0}\"\n";
			showEnvVarsInLog = 0;
		};
		C9C333D66CB13D464FFC0187 /* [CP] Embed Pods Frameworks */ = {
			isa = PBXShellScriptBuildPhase;
			buildActionMask = 2147483647;
			files = (
			);
			inputFileListPaths = (
				"${PODS_ROOT}/Target Support Files/Pods-Flix-FlixUITests/Pods-Flix-FlixUITests-frameworks-${CONFIGURATION}-input-files.xcfilelist",
			);
			name = "[CP] Embed Pods Frameworks";
			outputFileListPaths = (
				"${PODS_ROOT}/Target Support Files/Pods-Flix-FlixUITests/Pods-Flix-FlixUITests-frameworks-${CONFIGURATION}-output-files.xcfilelist",
			);
			runOnlyForDeploymentPostprocessing = 0;
			shellPath = /bin/sh;
			shellScript = "\"${PODS_ROOT}/Target Support Files/Pods-Flix-FlixUITests/Pods-Flix-FlixUITests-frameworks.sh\"\n";
			showEnvVarsInLog = 0;
		};
		DD41ADAD76FD3EF54E654A13 /* [CP] Check Pods Manifest.lock */ = {
			isa = PBXShellScriptBuildPhase;
			buildActionMask = 2147483647;
			files = (
			);
			inputFileListPaths = (
			);
			inputPaths = (
				"${PODS_PODFILE_DIR_PATH}/Podfile.lock",
				"${PODS_ROOT}/Manifest.lock",
			);
			name = "[CP] Check Pods Manifest.lock";
			outputFileListPaths = (
			);
			outputPaths = (
				"$(DERIVED_FILE_DIR)/Pods-Flix-FlixUITests-checkManifestLockResult.txt",
			);
			runOnlyForDeploymentPostprocessing = 0;
			shellPath = /bin/sh;
			shellScript = "diff \"${PODS_PODFILE_DIR_PATH}/Podfile.lock\" \"${PODS_ROOT}/Manifest.lock\" > /dev/null\nif [ $? != 0 ] ; then\n    # print error to STDERR\n    echo \"error: The sandbox is not in sync with the Podfile.lock. Run 'pod install' or update your CocoaPods installation.\" >&2\n    exit 1\nfi\n# This output is used by Xcode 'outputs' to avoid re-running this script phase.\necho \"SUCCESS\" > \"${SCRIPT_OUTPUT_FILE_0}\"\n";
			showEnvVarsInLog = 0;
		};
/* End PBXShellScriptBuildPhase section */

/* Begin PBXSourcesBuildPhase section */
		CA6CC00325C22826007ADFAF /* Sources */ = {
			isa = PBXSourcesBuildPhase;
			buildActionMask = 2147483647;
			files = (
				CA6CC00F25C22826007ADFAF /* ViewController.swift in Sources */,
				CA6CC00B25C22826007ADFAF /* AppDelegate.swift in Sources */,
				CAD2252A25D09EFB003D3374 /* MovieDetailsViewController.swift in Sources */,
				CAD2252F25D0C18D003D3374 /* MovieGridViewController.swift in Sources */,
				CAD2253425D0C816003D3374 /* MovieGridCell.swift in Sources */,
				CA6CC00D25C22826007ADFAF /* SceneDelegate.swift in Sources */,
				CA426C6525C8B3BB00C26196 /* MovieCell.swift in Sources */,
				CA426C6025C8A9B500C26196 /* MoviesViewController.swift in Sources */,
			);
			runOnlyForDeploymentPostprocessing = 0;
		};
		CA6CC01925C22827007ADFAF /* Sources */ = {
			isa = PBXSourcesBuildPhase;
			buildActionMask = 2147483647;
			files = (
				CA6CC02225C22827007ADFAF /* FlixTests.swift in Sources */,
			);
			runOnlyForDeploymentPostprocessing = 0;
		};
		CA6CC02425C22827007ADFAF /* Sources */ = {
			isa = PBXSourcesBuildPhase;
			buildActionMask = 2147483647;
			files = (
				CA6CC02D25C22827007ADFAF /* FlixUITests.swift in Sources */,
			);
			runOnlyForDeploymentPostprocessing = 0;
		};
/* End PBXSourcesBuildPhase section */

/* Begin PBXTargetDependency section */
		CA6CC01F25C22827007ADFAF /* PBXTargetDependency */ = {
			isa = PBXTargetDependency;
			target = CA6CC00625C22826007ADFAF /* Flix */;
			targetProxy = CA6CC01E25C22827007ADFAF /* PBXContainerItemProxy */;
		};
		CA6CC02A25C22827007ADFAF /* PBXTargetDependency */ = {
			isa = PBXTargetDependency;
			target = CA6CC00625C22826007ADFAF /* Flix */;
			targetProxy = CA6CC02925C22827007ADFAF /* PBXContainerItemProxy */;
		};
/* End PBXTargetDependency section */

/* Begin PBXVariantGroup section */
		CA6CC01025C22826007ADFAF /* Main.storyboard */ = {
			isa = PBXVariantGroup;
			children = (
				CA6CC01125C22826007ADFAF /* Base */,
			);
			name = Main.storyboard;
			sourceTree = "<group>";
		};
		CA6CC01525C22826007ADFAF /* LaunchScreen.storyboard */ = {
			isa = PBXVariantGroup;
			children = (
				CA6CC01625C22826007ADFAF /* Base */,
			);
			name = LaunchScreen.storyboard;
			sourceTree = "<group>";
		};
/* End PBXVariantGroup section */

/* Begin XCBuildConfiguration section */
		CA6CC02F25C22827007ADFAF /* Debug */ = {
			isa = XCBuildConfiguration;
			buildSettings = {
				ALWAYS_SEARCH_USER_PATHS = NO;
				CLANG_ANALYZER_NONNULL = YES;
				CLANG_ANALYZER_NUMBER_OBJECT_CONVERSION = YES_AGGRESSIVE;
				CLANG_CXX_LANGUAGE_STANDARD = "gnu++14";
				CLANG_CXX_LIBRARY = "libc++";
				CLANG_ENABLE_MODULES = YES;
				CLANG_ENABLE_OBJC_ARC = YES;
				CLANG_ENABLE_OBJC_WEAK = YES;
				CLANG_WARN_BLOCK_CAPTURE_AUTORELEASING = YES;
				CLANG_WARN_BOOL_CONVERSION = YES;
				CLANG_WARN_COMMA = YES;
				CLANG_WARN_CONSTANT_CONVERSION = YES;
				CLANG_WARN_DEPRECATED_OBJC_IMPLEMENTATIONS = YES;
				CLANG_WARN_DIRECT_OBJC_ISA_USAGE = YES_ERROR;
				CLANG_WARN_DOCUMENTATION_COMMENTS = YES;
				CLANG_WARN_EMPTY_BODY = YES;
				CLANG_WARN_ENUM_CONVERSION = YES;
				CLANG_WARN_INFINITE_RECURSION = YES;
				CLANG_WARN_INT_CONVERSION = YES;
				CLANG_WARN_NON_LITERAL_NULL_CONVERSION = YES;
				CLANG_WARN_OBJC_IMPLICIT_RETAIN_SELF = YES;
				CLANG_WARN_OBJC_LITERAL_CONVERSION = YES;
				CLANG_WARN_OBJC_ROOT_CLASS = YES_ERROR;
				CLANG_WARN_QUOTED_INCLUDE_IN_FRAMEWORK_HEADER = YES;
				CLANG_WARN_RANGE_LOOP_ANALYSIS = YES;
				CLANG_WARN_STRICT_PROTOTYPES = YES;
				CLANG_WARN_SUSPICIOUS_MOVE = YES;
				CLANG_WARN_UNGUARDED_AVAILABILITY = YES_AGGRESSIVE;
				CLANG_WARN_UNREACHABLE_CODE = YES;
				CLANG_WARN__DUPLICATE_METHOD_MATCH = YES;
				COPY_PHASE_STRIP = NO;
				DEBUG_INFORMATION_FORMAT = dwarf;
				ENABLE_STRICT_OBJC_MSGSEND = YES;
				ENABLE_TESTABILITY = YES;
				GCC_C_LANGUAGE_STANDARD = gnu11;
				GCC_DYNAMIC_NO_PIC = NO;
				GCC_NO_COMMON_BLOCKS = YES;
				GCC_OPTIMIZATION_LEVEL = 0;
				GCC_PREPROCESSOR_DEFINITIONS = (
					"DEBUG=1",
					"$(inherited)",
				);
				GCC_WARN_64_TO_32_BIT_CONVERSION = YES;
				GCC_WARN_ABOUT_RETURN_TYPE = YES_ERROR;
				GCC_WARN_UNDECLARED_SELECTOR = YES;
				GCC_WARN_UNINITIALIZED_AUTOS = YES_AGGRESSIVE;
				GCC_WARN_UNUSED_FUNCTION = YES;
				GCC_WARN_UNUSED_VARIABLE = YES;
				IPHONEOS_DEPLOYMENT_TARGET = 14.3;
				MTL_ENABLE_DEBUG_INFO = INCLUDE_SOURCE;
				MTL_FAST_MATH = YES;
				ONLY_ACTIVE_ARCH = YES;
				SDKROOT = iphoneos;
				SWIFT_ACTIVE_COMPILATION_CONDITIONS = DEBUG;
				SWIFT_OPTIMIZATION_LEVEL = "-Onone";
			};
			name = Debug;
		};
		CA6CC03025C22827007ADFAF /* Release */ = {
			isa = XCBuildConfiguration;
			buildSettings = {
				ALWAYS_SEARCH_USER_PATHS = NO;
				CLANG_ANALYZER_NONNULL = YES;
				CLANG_ANALYZER_NUMBER_OBJECT_CONVERSION = YES_AGGRESSIVE;
				CLANG_CXX_LANGUAGE_STANDARD = "gnu++14";
				CLANG_CXX_LIBRARY = "libc++";
				CLANG_ENABLE_MODULES = YES;
				CLANG_ENABLE_OBJC_ARC = YES;
				CLANG_ENABLE_OBJC_WEAK = YES;
				CLANG_WARN_BLOCK_CAPTURE_AUTORELEASING = YES;
				CLANG_WARN_BOOL_CONVERSION = YES;
				CLANG_WARN_COMMA = YES;
				CLANG_WARN_CONSTANT_CONVERSION = YES;
				CLANG_WARN_DEPRECATED_OBJC_IMPLEMENTATIONS = YES;
				CLANG_WARN_DIRECT_OBJC_ISA_USAGE = YES_ERROR;
				CLANG_WARN_DOCUMENTATION_COMMENTS = YES;
				CLANG_WARN_EMPTY_BODY = YES;
				CLANG_WARN_ENUM_CONVERSION = YES;
				CLANG_WARN_INFINITE_RECURSION = YES;
				CLANG_WARN_INT_CONVERSION = YES;
				CLANG_WARN_NON_LITERAL_NULL_CONVERSION = YES;
				CLANG_WARN_OBJC_IMPLICIT_RETAIN_SELF = YES;
				CLANG_WARN_OBJC_LITERAL_CONVERSION = YES;
				CLANG_WARN_OBJC_ROOT_CLASS = YES_ERROR;
				CLANG_WARN_QUOTED_INCLUDE_IN_FRAMEWORK_HEADER = YES;
				CLANG_WARN_RANGE_LOOP_ANALYSIS = YES;
				CLANG_WARN_STRICT_PROTOTYPES = YES;
				CLANG_WARN_SUSPICIOUS_MOVE = YES;
				CLANG_WARN_UNGUARDED_AVAILABILITY = YES_AGGRESSIVE;
				CLANG_WARN_UNREACHABLE_CODE = YES;
				CLANG_WARN__DUPLICATE_METHOD_MATCH = YES;
				COPY_PHASE_STRIP = NO;
				DEBUG_INFORMATION_FORMAT = "dwarf-with-dsym";
				ENABLE_NS_ASSERTIONS = NO;
				ENABLE_STRICT_OBJC_MSGSEND = YES;
				GCC_C_LANGUAGE_STANDARD = gnu11;
				GCC_NO_COMMON_BLOCKS = YES;
				GCC_WARN_64_TO_32_BIT_CONVERSION = YES;
				GCC_WARN_ABOUT_RETURN_TYPE = YES_ERROR;
				GCC_WARN_UNDECLARED_SELECTOR = YES;
				GCC_WARN_UNINITIALIZED_AUTOS = YES_AGGRESSIVE;
				GCC_WARN_UNUSED_FUNCTION = YES;
				GCC_WARN_UNUSED_VARIABLE = YES;
				IPHONEOS_DEPLOYMENT_TARGET = 14.3;
				MTL_ENABLE_DEBUG_INFO = NO;
				MTL_FAST_MATH = YES;
				SDKROOT = iphoneos;
				SWIFT_COMPILATION_MODE = wholemodule;
				SWIFT_OPTIMIZATION_LEVEL = "-O";
				VALIDATE_PRODUCT = YES;
			};
			name = Release;
		};
		CA6CC03225C22827007ADFAF /* Debug */ = {
			isa = XCBuildConfiguration;
			baseConfigurationReference = A31ACDA2A79A83E36E12FB9C /* Pods-Flix.debug.xcconfig */;
			buildSettings = {
				ASSETCATALOG_COMPILER_APPICON_NAME = AppIcon;
				ASSETCATALOG_COMPILER_GLOBAL_ACCENT_COLOR_NAME = AccentColor;
				CODE_SIGN_STYLE = Automatic;
				INFOPLIST_FILE = Flix/Info.plist;
				LD_RUNPATH_SEARCH_PATHS = (
					"$(inherited)",
					"@executable_path/Frameworks",
				);
				PRODUCT_BUNDLE_IDENTIFIER = memo.com.Flix;
				PRODUCT_NAME = "$(TARGET_NAME)";
				SWIFT_VERSION = 5.0;
				TARGETED_DEVICE_FAMILY = "1,2";
			};
			name = Debug;
		};
		CA6CC03325C22827007ADFAF /* Release */ = {
			isa = XCBuildConfiguration;
			baseConfigurationReference = B49E620C5D86A55C67BE90CC /* Pods-Flix.release.xcconfig */;
			buildSettings = {
				ASSETCATALOG_COMPILER_APPICON_NAME = AppIcon;
				ASSETCATALOG_COMPILER_GLOBAL_ACCENT_COLOR_NAME = AccentColor;
				CODE_SIGN_STYLE = Automatic;
				INFOPLIST_FILE = Flix/Info.plist;
				LD_RUNPATH_SEARCH_PATHS = (
					"$(inherited)",
					"@executable_path/Frameworks",
				);
				PRODUCT_BUNDLE_IDENTIFIER = memo.com.Flix;
				PRODUCT_NAME = "$(TARGET_NAME)";
				SWIFT_VERSION = 5.0;
				TARGETED_DEVICE_FAMILY = "1,2";
			};
			name = Release;
		};
		CA6CC03525C22827007ADFAF /* Debug */ = {
			isa = XCBuildConfiguration;
			baseConfigurationReference = 57420E09848E26D71AC7C024 /* Pods-FlixTests.debug.xcconfig */;
			buildSettings = {
				ALWAYS_EMBED_SWIFT_STANDARD_LIBRARIES = YES;
				BUNDLE_LOADER = "$(TEST_HOST)";
				CODE_SIGN_STYLE = Automatic;
				INFOPLIST_FILE = FlixTests/Info.plist;
				IPHONEOS_DEPLOYMENT_TARGET = 14.3;
				LD_RUNPATH_SEARCH_PATHS = (
					"$(inherited)",
					"@executable_path/Frameworks",
					"@loader_path/Frameworks",
				);
				PRODUCT_BUNDLE_IDENTIFIER = memo.com.FlixTests;
				PRODUCT_NAME = "$(TARGET_NAME)";
				SWIFT_VERSION = 5.0;
				TARGETED_DEVICE_FAMILY = "1,2";
				TEST_HOST = "$(BUILT_PRODUCTS_DIR)/Flix.app/Flix";
			};
			name = Debug;
		};
		CA6CC03625C22827007ADFAF /* Release */ = {
			isa = XCBuildConfiguration;
			baseConfigurationReference = E429F07C75E8D5DE37D22623 /* Pods-FlixTests.release.xcconfig */;
			buildSettings = {
				ALWAYS_EMBED_SWIFT_STANDARD_LIBRARIES = YES;
				BUNDLE_LOADER = "$(TEST_HOST)";
				CODE_SIGN_STYLE = Automatic;
				INFOPLIST_FILE = FlixTests/Info.plist;
				IPHONEOS_DEPLOYMENT_TARGET = 14.3;
				LD_RUNPATH_SEARCH_PATHS = (
					"$(inherited)",
					"@executable_path/Frameworks",
					"@loader_path/Frameworks",
				);
				PRODUCT_BUNDLE_IDENTIFIER = memo.com.FlixTests;
				PRODUCT_NAME = "$(TARGET_NAME)";
				SWIFT_VERSION = 5.0;
				TARGETED_DEVICE_FAMILY = "1,2";
				TEST_HOST = "$(BUILT_PRODUCTS_DIR)/Flix.app/Flix";
			};
			name = Release;
		};
		CA6CC03825C22827007ADFAF /* Debug */ = {
			isa = XCBuildConfiguration;
			baseConfigurationReference = 1F5386BA9CE072CB39483254 /* Pods-Flix-FlixUITests.debug.xcconfig */;
			buildSettings = {
				ALWAYS_EMBED_SWIFT_STANDARD_LIBRARIES = YES;
				CODE_SIGN_STYLE = Automatic;
				INFOPLIST_FILE = FlixUITests/Info.plist;
				LD_RUNPATH_SEARCH_PATHS = (
					"$(inherited)",
					"@executable_path/Frameworks",
					"@loader_path/Frameworks",
				);
				PRODUCT_BUNDLE_IDENTIFIER = memo.com.FlixUITests;
				PRODUCT_NAME = "$(TARGET_NAME)";
				SWIFT_VERSION = 5.0;
				TARGETED_DEVICE_FAMILY = "1,2";
				TEST_TARGET_NAME = Flix;
			};
			name = Debug;
		};
		CA6CC03925C22827007ADFAF /* Release */ = {
			isa = XCBuildConfiguration;
			baseConfigurationReference = DA163416013DBBAEB1D87075 /* Pods-Flix-FlixUITests.release.xcconfig */;
			buildSettings = {
				ALWAYS_EMBED_SWIFT_STANDARD_LIBRARIES = YES;
				CODE_SIGN_STYLE = Automatic;
				INFOPLIST_FILE = FlixUITests/Info.plist;
				LD_RUNPATH_SEARCH_PATHS = (
					"$(inherited)",
					"@executable_path/Frameworks",
					"@loader_path/Frameworks",
				);
				PRODUCT_BUNDLE_IDENTIFIER = memo.com.FlixUITests;
				PRODUCT_NAME = "$(TARGET_NAME)";
				SWIFT_VERSION = 5.0;
				TARGETED_DEVICE_FAMILY = "1,2";
				TEST_TARGET_NAME = Flix;
			};
			name = Release;
		};
/* End XCBuildConfiguration section */

/* Begin XCConfigurationList section */
		CA6CC00225C22826007ADFAF /* Build configuration list for PBXProject "Flix" */ = {
			isa = XCConfigurationList;
			buildConfigurations = (
				CA6CC02F25C22827007ADFAF /* Debug */,
				CA6CC03025C22827007ADFAF /* Release */,
			);
			defaultConfigurationIsVisible = 0;
			defaultConfigurationName = Release;
		};
		CA6CC03125C22827007ADFAF /* Build configuration list for PBXNativeTarget "Flix" */ = {
			isa = XCConfigurationList;
			buildConfigurations = (
				CA6CC03225C22827007ADFAF /* Debug */,
				CA6CC03325C22827007ADFAF /* Release */,
			);
			defaultConfigurationIsVisible = 0;
			defaultConfigurationName = Release;
		};
		CA6CC03425C22827007ADFAF /* Build configuration list for PBXNativeTarget "FlixTests" */ = {
			isa = XCConfigurationList;
			buildConfigurations = (
				CA6CC03525C22827007ADFAF /* Debug */,
				CA6CC03625C22827007ADFAF /* Release */,
			);
			defaultConfigurationIsVisible = 0;
			defaultConfigurationName = Release;
		};
		CA6CC03725C22827007ADFAF /* Build configuration list for PBXNativeTarget "FlixUITests" */ = {
			isa = XCConfigurationList;
			buildConfigurations = (
				CA6CC03825C22827007ADFAF /* Debug */,
				CA6CC03925C22827007ADFAF /* Release */,
			);
			defaultConfigurationIsVisible = 0;
			defaultConfigurationName = Release;
		};
/* End XCConfigurationList section */
	};
	rootObject = CA6CBFFF25C22826007ADFAF /* Project object */;
}
